
Microsoft Visual Studio Solution File, Format Version 10.00
# Visual Studio 2008
Project("{FAE04EC0-301F-11D3-BF4B-00C04F79EFBC}") = "ChartProject1", "ChartProject1\ChartProject1.csproj", "{ED7FC027-515E-4C33-B77E-897E210730FF}"
EndProject
Project("{FAE04EC0-301F-11D3-BF4B-00C04F79EFBC}") = "Chart", "Chart\Chart.csproj", "{37B04D6B-AC31-47B5-8180-8049DEF2F517}"
EndProject
Project("{FAE04EC0-301F-11D3-BF4B-00C04F79EFBC}") = "Test1", "Test1\Test1.csproj", "{A57853AB-959C-4D4B-AE91-213226CAD31B}"
EndProject
Project("{FAE04EC0-301F-11D3-BF4B-00C04F79EFBC}") = "Test2", "Test2\Test2.csproj", "{03EB2D6B-D85A-4E1E-A3AA-CA52531F51AE}"
EndProject
Project("{FAE04EC0-301F-11D3-BF4B-00C04F79EFBC}") = "Test3", "Test3\Test3.csproj", "{92B6FB6F-5D36-4726-8B91-C20DC82C808B}"
EndProject
Project("{FAE04EC0-301F-11D3-BF4B-00C04F79EFBC}") = "Test4", "Test4\Test4.csproj", "{9DDE1856-C2AA-4E5D-85A1-BBAAAB264179}"
EndProject
Project("{FAE04EC0-301F-11D3-BF4B-00C04F79EFBC}") = "Excel", "Excel\Excel.csproj", "{C715DBC4-1303-4B8D-9353-AA100F50C0ED}"
EndProject
Project("{FAE04EC0-301F-11D3-BF4B-00C04F79EFBC}") = "ICSharpCode.SharpZLib", "ICSharpCode.SharpZLib\ICSharpCode.SharpZLib.csproj", "{4751E0FA-0C8D-4979-8147-EA8EA884BCDD}"
EndProject
Project("{FAE04EC0-301F-11D3-BF4B-00C04F79EFBC}") = "Test5", "Test5\Test5.csproj", "{A26BD1E8-247F-46D4-B7E6-A9597EF90571}"
EndProject
Global
	GlobalSection(SolutionConfigurationPlatforms) = preSolution
		Debug|Any CPU = Debug|Any CPU
		MSTEST_DEBUG|Any CPU = MSTEST_DEBUG|Any CPU
		MSTEST_RELEASE|Any CPU = MSTEST_RELEASE|Any CPU
		NUNIT_DEBUG|Any CPU = NUNIT_DEBUG|Any CPU
		NUNIT_RELEASE|Any CPU = NUNIT_RELEASE|Any CPU
		Release|Any CPU = Release|Any CPU
	EndGlobalSection
	GlobalSection(ProjectConfigurationPlatforms) = postSolution
		{ED7FC027-515E-4C33-B77E-897E210730FF}.Debug|Any CPU.ActiveCfg = Debug|Any CPU
		{ED7FC027-515E-4C33-B77E-897E210730FF}.Debug|Any CPU.Build.0 = Debug|Any CPU
		{ED7FC027-515E-4C33-B77E-897E210730FF}.Debug|Any CPU.Deploy.0 = Debug|Any CPU
		{ED7FC027-515E-4C33-B77E-897E210730FF}.MSTEST_DEBUG|Any CPU.ActiveCfg = Release|Any CPU
		{ED7FC027-515E-4C33-B77E-897E210730FF}.MSTEST_DEBUG|Any CPU.Build.0 = Release|Any CPU
		{ED7FC027-515E-4C33-B77E-897E210730FF}.MSTEST_DEBUG|Any CPU.Deploy.0 = Release|Any CPU
		{ED7FC027-515E-4C33-B77E-897E210730FF}.MSTEST_RELEASE|Any CPU.ActiveCfg = Release|Any CPU
		{ED7FC027-515E-4C33-B77E-897E210730FF}.MSTEST_RELEASE|Any CPU.Build.0 = Release|Any CPU
		{ED7FC027-515E-4C33-B77E-897E210730FF}.MSTEST_RELEASE|Any CPU.Deploy.0 = Release|Any CPU
		{ED7FC027-515E-4C33-B77E-897E210730FF}.NUNIT_DEBUG|Any CPU.ActiveCfg = Release|Any CPU
		{ED7FC027-515E-4C33-B77E-897E210730FF}.NUNIT_DEBUG|Any CPU.Build.0 = Release|Any CPU
		{ED7FC027-515E-4C33-B77E-897E210730FF}.NUNIT_DEBUG|Any CPU.Deploy.0 = Release|Any CPU
		{ED7FC027-515E-4C33-B77E-897E210730FF}.NUNIT_RELEASE|Any CPU.ActiveCfg = Release|Any CPU
		{ED7FC027-515E-4C33-B77E-897E210730FF}.NUNIT_RELEASE|Any CPU.Build.0 = Release|Any CPU
		{ED7FC027-515E-4C33-B77E-897E210730FF}.NUNIT_RELEASE|Any CPU.Deploy.0 = Release|Any CPU
		{ED7FC027-515E-4C33-B77E-897E210730FF}.Release|Any CPU.ActiveCfg = Release|Any CPU
		{ED7FC027-515E-4C33-B77E-897E210730FF}.Release|Any CPU.Build.0 = Release|Any CPU
		{ED7FC027-515E-4C33-B77E-897E210730FF}.Release|Any CPU.Deploy.0 = Release|Any CPU
		{37B04D6B-AC31-47B5-8180-8049DEF2F517}.Debug|Any CPU.ActiveCfg = Debug|Any CPU
		{37B04D6B-AC31-47B5-8180-8049DEF2F517}.Debug|Any CPU.Build.0 = Debug|Any CPU
		{37B04D6B-AC31-47B5-8180-8049DEF2F517}.MSTEST_DEBUG|Any CPU.ActiveCfg = Release|Any CPU
		{37B04D6B-AC31-47B5-8180-8049DEF2F517}.MSTEST_DEBUG|Any CPU.Build.0 = Release|Any CPU
		{37B04D6B-AC31-47B5-8180-8049DEF2F517}.MSTEST_RELEASE|Any CPU.ActiveCfg = Release|Any CPU
		{37B04D6B-AC31-47B5-8180-8049DEF2F517}.MSTEST_RELEASE|Any CPU.Build.0 = Release|Any CPU
		{37B04D6B-AC31-47B5-8180-8049DEF2F517}.NUNIT_DEBUG|Any CPU.ActiveCfg = Release|Any CPU
		{37B04D6B-AC31-47B5-8180-8049DEF2F517}.NUNIT_DEBUG|Any CPU.Build.0 = Release|Any CPU
		{37B04D6B-AC31-47B5-8180-8049DEF2F517}.NUNIT_RELEASE|Any CPU.ActiveCfg = Release|Any CPU
		{37B04D6B-AC31-47B5-8180-8049DEF2F517}.NUNIT_RELEASE|Any CPU.Build.0 = Release|Any CPU
		{37B04D6B-AC31-47B5-8180-8049DEF2F517}.Release|Any CPU.ActiveCfg = Release|Any CPU
		{37B04D6B-AC31-47B5-8180-8049DEF2F517}.Release|Any CPU.Build.0 = Release|Any CPU
		{A57853AB-959C-4D4B-AE91-213226CAD31B}.Debug|Any CPU.ActiveCfg = Debug|Any CPU
		{A57853AB-959C-4D4B-AE91-213226CAD31B}.Debug|Any CPU.Build.0 = Debug|Any CPU
		{A57853AB-959C-4D4B-AE91-213226CAD31B}.Debug|Any CPU.Deploy.0 = Debug|Any CPU
		{A57853AB-959C-4D4B-AE91-213226CAD31B}.MSTEST_DEBUG|Any CPU.ActiveCfg = Release|Any CPU
		{A57853AB-959C-4D4B-AE91-213226CAD31B}.MSTEST_DEBUG|Any CPU.Build.0 = Release|Any CPU
		{A57853AB-959C-4D4B-AE91-213226CAD31B}.MSTEST_DEBUG|Any CPU.Deploy.0 = Release|Any CPU
		{A57853AB-959C-4D4B-AE91-213226CAD31B}.MSTEST_RELEASE|Any CPU.ActiveCfg = Release|Any CPU
		{A57853AB-959C-4D4B-AE91-213226CAD31B}.MSTEST_RELEASE|Any CPU.Build.0 = Release|Any CPU
		{A57853AB-959C-4D4B-AE91-213226CAD31B}.MSTEST_RELEASE|Any CPU.Deploy.0 = Release|Any CPU
		{A57853AB-959C-4D4B-AE91-213226CAD31B}.NUNIT_DEBUG|Any CPU.ActiveCfg = Release|Any CPU
		{A57853AB-959C-4D4B-AE91-213226CAD31B}.NUNIT_DEBUG|Any CPU.Build.0 = Release|Any CPU
		{A57853AB-959C-4D4B-AE91-213226CAD31B}.NUNIT_DEBUG|Any CPU.Deploy.0 = Release|Any CPU
		{A57853AB-959C-4D4B-AE91-213226CAD31B}.NUNIT_RELEASE|Any CPU.ActiveCfg = Release|Any CPU
		{A57853AB-959C-4D4B-AE91-213226CAD31B}.NUNIT_RELEASE|Any CPU.Build.0 = Release|Any CPU
		{A57853AB-959C-4D4B-AE91-213226CAD31B}.NUNIT_RELEASE|Any CPU.Deploy.0 = Release|Any CPU
		{A57853AB-959C-4D4B-AE91-213226CAD31B}.Release|Any CPU.ActiveCfg = Release|Any CPU
		{A57853AB-959C-4D4B-AE91-213226CAD31B}.Release|Any CPU.Build.0 = Release|Any CPU
		{A57853AB-959C-4D4B-AE91-213226CAD31B}.Release|Any CPU.Deploy.0 = Release|Any CPU
		{03EB2D6B-D85A-4E1E-A3AA-CA52531F51AE}.Debug|Any CPU.ActiveCfg = Debug|Any CPU
		{03EB2D6B-D85A-4E1E-A3AA-CA52531F51AE}.Debug|Any CPU.Build.0 = Debug|Any CPU
		{03EB2D6B-D85A-4E1E-A3AA-CA52531F51AE}.Debug|Any CPU.Deploy.0 = Debug|Any CPU
		{03EB2D6B-D85A-4E1E-A3AA-CA52531F51AE}.MSTEST_DEBUG|Any CPU.ActiveCfg = Release|Any CPU
		{03EB2D6B-D85A-4E1E-A3AA-CA52531F51AE}.MSTEST_DEBUG|Any CPU.Build.0 = Release|Any CPU
		{03EB2D6B-D85A-4E1E-A3AA-CA52531F51AE}.MSTEST_DEBUG|Any CPU.Deploy.0 = Release|Any CPU
		{03EB2D6B-D85A-4E1E-A3AA-CA52531F51AE}.MSTEST_RELEASE|Any CPU.ActiveCfg = Release|Any CPU
		{03EB2D6B-D85A-4E1E-A3AA-CA52531F51AE}.MSTEST_RELEASE|Any CPU.Build.0 = Release|Any CPU
		{03EB2D6B-D85A-4E1E-A3AA-CA52531F51AE}.MSTEST_RELEASE|Any CPU.Deploy.0 = Release|Any CPU
		{03EB2D6B-D85A-4E1E-A3AA-CA52531F51AE}.NUNIT_DEBUG|Any CPU.ActiveCfg = Release|Any CPU
		{03EB2D6B-D85A-4E1E-A3AA-CA52531F51AE}.NUNIT_DEBUG|Any CPU.Build.0 = Release|Any CPU
		{03EB2D6B-D85A-4E1E-A3AA-CA52531F51AE}.NUNIT_DEBUG|Any CPU.Deploy.0 = Release|Any CPU
		{03EB2D6B-D85A-4E1E-A3AA-CA52531F51AE}.NUNIT_RELEASE|Any CPU.ActiveCfg = Release|Any CPU
		{03EB2D6B-D85A-4E1E-A3AA-CA52531F51AE}.NUNIT_RELEASE|Any CPU.Build.0 = Release|Any CPU
		{03EB2D6B-D85A-4E1E-A3AA-CA52531F51AE}.NUNIT_RELEASE|Any CPU.Deploy.0 = Release|Any CPU
		{03EB2D6B-D85A-4E1E-A3AA-CA52531F51AE}.Release|Any CPU.ActiveCfg = Release|Any CPU
		{03EB2D6B-D85A-4E1E-A3AA-CA52531F51AE}.Release|Any CPU.Build.0 = Release|Any CPU
		{03EB2D6B-D85A-4E1E-A3AA-CA52531F51AE}.Release|Any CPU.Deploy.0 = Release|Any CPU
		{92B6FB6F-5D36-4726-8B91-C20DC82C808B}.Debug|Any CPU.ActiveCfg = Debug|Any CPU
		{92B6FB6F-5D36-4726-8B91-C20DC82C808B}.Debug|Any CPU.Build.0 = Debug|Any CPU
		{92B6FB6F-5D36-4726-8B91-C20DC82C808B}.Debug|Any CPU.Deploy.0 = Debug|Any CPU
		{92B6FB6F-5D36-4726-8B91-C20DC82C808B}.MSTEST_DEBUG|Any CPU.ActiveCfg = Release|Any CPU
		{92B6FB6F-5D36-4726-8B91-C20DC82C808B}.MSTEST_DEBUG|Any CPU.Build.0 = Release|Any CPU
		{92B6FB6F-5D36-4726-8B91-C20DC82C808B}.MSTEST_DEBUG|Any CPU.Deploy.0 = Release|Any CPU
		{92B6FB6F-5D36-4726-8B91-C20DC82C808B}.MSTEST_RELEASE|Any CPU.ActiveCfg = Release|Any CPU
		{92B6FB6F-5D36-4726-8B91-C20DC82C808B}.MSTEST_RELEASE|Any CPU.Build.0 = Release|Any CPU
		{92B6FB6F-5D36-4726-8B91-C20DC82C808B}.MSTEST_RELEASE|Any CPU.Deploy.0 = Release|Any CPU
		{92B6FB6F-5D36-4726-8B91-C20DC82C808B}.NUNIT_DEBUG|Any CPU.ActiveCfg = Release|Any CPU
		{92B6FB6F-5D36-4726-8B91-C20DC82C808B}.NUNIT_DEBUG|Any CPU.Build.0 = Release|Any CPU
		{92B6FB6F-5D36-4726-8B91-C20DC82C808B}.NUNIT_DEBUG|Any CPU.Deploy.0 = Release|Any CPU
		{92B6FB6F-5D36-4726-8B91-C20DC82C808B}.NUNIT_RELEASE|Any CPU.ActiveCfg = Release|Any CPU
		{92B6FB6F-5D36-4726-8B91-C20DC82C808B}.NUNIT_RELEASE|Any CPU.Build.0 = Release|Any CPU
		{92B6FB6F-5D36-4726-8B91-C20DC82C808B}.NUNIT_RELEASE|Any CPU.Deploy.0 = Release|Any CPU
		{92B6FB6F-5D36-4726-8B91-C20DC82C808B}.Release|Any CPU.ActiveCfg = Release|Any CPU
		{92B6FB6F-5D36-4726-8B91-C20DC82C808B}.Release|Any CPU.Build.0 = Release|Any CPU
		{92B6FB6F-5D36-4726-8B91-C20DC82C808B}.Release|Any CPU.Deploy.0 = Release|Any CPU
		{9DDE1856-C2AA-4E5D-85A1-BBAAAB264179}.Debug|Any CPU.ActiveCfg = Debug|Any CPU
		{9DDE1856-C2AA-4E5D-85A1-BBAAAB264179}.Debug|Any CPU.Build.0 = Debug|Any CPU
		{9DDE1856-C2AA-4E5D-85A1-BBAAAB264179}.Debug|Any CPU.Deploy.0 = Debug|Any CPU
		{9DDE1856-C2AA-4E5D-85A1-BBAAAB264179}.MSTEST_DEBUG|Any CPU.ActiveCfg = Release|Any CPU
		{9DDE1856-C2AA-4E5D-85A1-BBAAAB264179}.MSTEST_DEBUG|Any CPU.Build.0 = Release|Any CPU
		{9DDE1856-C2AA-4E5D-85A1-BBAAAB264179}.MSTEST_DEBUG|Any CPU.Deploy.0 = Release|Any CPU
		{9DDE1856-C2AA-4E5D-85A1-BBAAAB264179}.MSTEST_RELEASE|Any CPU.ActiveCfg = Release|Any CPU
		{9DDE1856-C2AA-4E5D-85A1-BBAAAB264179}.MSTEST_RELEASE|Any CPU.Build.0 = Release|Any CPU
		{9DDE1856-C2AA-4E5D-85A1-BBAAAB264179}.MSTEST_RELEASE|Any CPU.Deploy.0 = Release|Any CPU
		{9DDE1856-C2AA-4E5D-85A1-BBAAAB264179}.NUNIT_DEBUG|Any CPU.ActiveCfg = Release|Any CPU
		{9DDE1856-C2AA-4E5D-85A1-BBAAAB264179}.NUNIT_DEBUG|Any CPU.Build.0 = Release|Any CPU
		{9DDE1856-C2AA-4E5D-85A1-BBAAAB264179}.NUNIT_DEBUG|Any CPU.Deploy.0 = Release|Any CPU
		{9DDE1856-C2AA-4E5D-85A1-BBAAAB264179}.NUNIT_RELEASE|Any CPU.ActiveCfg = Release|Any CPU
		{9DDE1856-C2AA-4E5D-85A1-BBAAAB264179}.NUNIT_RELEASE|Any CPU.Build.0 = Release|Any CPU
		{9DDE1856-C2AA-4E5D-85A1-BBAAAB264179}.NUNIT_RELEASE|Any CPU.Deploy.0 = Release|Any CPU
		{9DDE1856-C2AA-4E5D-85A1-BBAAAB264179}.Release|Any CPU.ActiveCfg = Release|Any CPU
		{9DDE1856-C2AA-4E5D-85A1-BBAAAB264179}.Release|Any CPU.Build.0 = Release|Any CPU
		{9DDE1856-C2AA-4E5D-85A1-BBAAAB264179}.Release|Any CPU.Deploy.0 = Release|Any CPU
		{C715DBC4-1303-4B8D-9353-AA100F50C0ED}.Debug|Any CPU.ActiveCfg = Debug|Any CPU
		{C715DBC4-1303-4B8D-9353-AA100F50C0ED}.Debug|Any CPU.Build.0 = Debug|Any CPU
		{C715DBC4-1303-4B8D-9353-AA100F50C0ED}.MSTEST_DEBUG|Any CPU.ActiveCfg = Release|Any CPU
		{C715DBC4-1303-4B8D-9353-AA100F50C0ED}.MSTEST_DEBUG|Any CPU.Build.0 = Release|Any CPU
		{C715DBC4-1303-4B8D-9353-AA100F50C0ED}.MSTEST_RELEASE|Any CPU.ActiveCfg = Release|Any CPU
		{C715DBC4-1303-4B8D-9353-AA100F50C0ED}.MSTEST_RELEASE|Any CPU.Build.0 = Release|Any CPU
		{C715DBC4-1303-4B8D-9353-AA100F50C0ED}.NUNIT_DEBUG|Any CPU.ActiveCfg = Release|Any CPU
		{C715DBC4-1303-4B8D-9353-AA100F50C0ED}.NUNIT_DEBUG|Any CPU.Build.0 = Release|Any CPU
		{C715DBC4-1303-4B8D-9353-AA100F50C0ED}.NUNIT_RELEASE|Any CPU.ActiveCfg = Release|Any CPU
		{C715DBC4-1303-4B8D-9353-AA100F50C0ED}.NUNIT_RELEASE|Any CPU.Build.0 = Release|Any CPU
		{C715DBC4-1303-4B8D-9353-AA100F50C0ED}.Release|Any CPU.ActiveCfg = Release|Any CPU
		{C715DBC4-1303-4B8D-9353-AA100F50C0ED}.Release|Any CPU.Build.0 = Release|Any CPU
		{4751E0FA-0C8D-4979-8147-EA8EA884BCDD}.Debug|Any CPU.ActiveCfg = Debug|Any CPU
		{4751E0FA-0C8D-4979-8147-EA8EA884BCDD}.Debug|Any CPU.Build.0 = Debug|Any CPU
		{4751E0FA-0C8D-4979-8147-EA8EA884BCDD}.MSTEST_DEBUG|Any CPU.ActiveCfg = Release|Any CPU
		{4751E0FA-0C8D-4979-8147-EA8EA884BCDD}.MSTEST_DEBUG|Any CPU.Build.0 = Release|Any CPU
		{4751E0FA-0C8D-4979-8147-EA8EA884BCDD}.MSTEST_RELEASE|Any CPU.ActiveCfg = Release|Any CPU
		{4751E0FA-0C8D-4979-8147-EA8EA884BCDD}.MSTEST_RELEASE|Any CPU.Build.0 = Release|Any CPU
		{4751E0FA-0C8D-4979-8147-EA8EA884BCDD}.NUNIT_DEBUG|Any CPU.ActiveCfg = Release|Any CPU
		{4751E0FA-0C8D-4979-8147-EA8EA884BCDD}.NUNIT_DEBUG|Any CPU.Build.0 = Release|Any CPU
		{4751E0FA-0C8D-4979-8147-EA8EA884BCDD}.NUNIT_RELEASE|Any CPU.ActiveCfg = Release|Any CPU
		{4751E0FA-0C8D-4979-8147-EA8EA884BCDD}.NUNIT_RELEASE|Any CPU.Build.0 = Release|Any CPU
		{4751E0FA-0C8D-4979-8147-EA8EA884BCDD}.Release|Any CPU.ActiveCfg = Release|Any CPU
		{4751E0FA-0C8D-4979-8147-EA8EA884BCDD}.Release|Any CPU.Build.0 = Release|Any CPU
		{A26BD1E8-247F-46D4-B7E6-A9597EF90571}.Debug|Any CPU.ActiveCfg = Debug|Any CPU
		{A26BD1E8-247F-46D4-B7E6-A9597EF90571}.Debug|Any CPU.Build.0 = Debug|Any CPU
		{A26BD1E8-247F-46D4-B7E6-A9597EF90571}.Debug|Any CPU.Deploy.0 = Debug|Any CPU
		{A26BD1E8-247F-46D4-B7E6-A9597EF90571}.MSTEST_DEBUG|Any CPU.ActiveCfg = Release|Any CPU
		{A26BD1E8-247F-46D4-B7E6-A9597EF90571}.MSTEST_DEBUG|Any CPU.Build.0 = Release|Any CPU
		{A26BD1E8-247F-46D4-B7E6-A9597EF90571}.MSTEST_DEBUG|Any CPU.Deploy.0 = Release|Any CPU
		{A26BD1E8-247F-46D4-B7E6-A9597EF90571}.MSTEST_RELEASE|Any CPU.ActiveCfg = Release|Any CPU
		{A26BD1E8-247F-46D4-B7E6-A9597EF90571}.MSTEST_RELEASE|Any CPU.Build.0 = Release|Any CPU
		{A26BD1E8-247F-46D4-B7E6-A9597EF90571}.MSTEST_RELEASE|Any CPU.Deploy.0 = Release|Any CPU
		{A26BD1E8-247F-46D4-B7E6-A9597EF90571}.NUNIT_DEBUG|Any CPU.ActiveCfg = Release|Any CPU
		{A26BD1E8-247F-46D4-B7E6-A9597EF90571}.NUNIT_DEBUG|Any CPU.Build.0 = Release|Any CPU
		{A26BD1E8-247F-46D4-B7E6-A9597EF90571}.NUNIT_DEBUG|Any CPU.Deploy.0 = Release|Any CPU
		{A26BD1E8-247F-46D4-B7E6-A9597EF90571}.NUNIT_RELEASE|Any CPU.ActiveCfg = Release|Any CPU
		{A26BD1E8-247F-46D4-B7E6-A9597EF90571}.NUNIT_RELEASE|Any CPU.Build.0 = Release|Any CPU
		{A26BD1E8-247F-46D4-B7E6-A9597EF90571}.NUNIT_RELEASE|Any CPU.Deploy.0 = Release|Any CPU
		{A26BD1E8-247F-46D4-B7E6-A9597EF90571}.Release|Any CPU.ActiveCfg = Release|Any CPU
		{A26BD1E8-247F-46D4-B7E6-A9597EF90571}.Release|Any CPU.Build.0 = Release|Any CPU
		{A26BD1E8-247F-46D4-B7E6-A9597EF90571}.Release|Any CPU.Deploy.0 = Release|Any CPU
	EndGlobalSection
	GlobalSection(SolutionProperties) = preSolution
		HideSolutionNode = FALSE
	EndGlobalSection
EndGlobal
